
Microsoft Visual Studio Solution File, Format Version 12.00
# Visual Studio Version 16
VisualStudioVersion = 16.0.30128.74
MinimumVisualStudioVersion = 10.0.40219.1
Project("{FAE04EC0-301F-11D3-BF4B-00C04F79EFBC}") = "MvcMovie", "MvcMovie.csproj", "{FBB72300-DF83-4A64-9B79-FC54A84CADFA}"
EndProject
Global
	GlobalSection(SolutionConfigurationPlatforms) = preSolution
		Debug|Any CPU = Debug|Any CPU
		Release|Any CPU = Release|Any CPU
	EndGlobalSection
	GlobalSection(ProjectConfigurationPlatforms) = postSolution
		{FBB72300-DF83-4A64-9B79-FC54A84CADFA}.Debug|Any CPU.ActiveCfg = Debug|Any CPU
		{FBB72300-DF83-4A64-9B79-FC54A84CADFA}.Debug|Any CPU.Build.0 = Debug|Any CPU
		{FBB72300-DF83-4A64-9B79-FC54A84CADFA}.Release|Any CPU.ActiveCfg = Release|Any CPU
		{FBB72300-DF83-4A64-9B79-FC54A84CADFA}.Release|Any CPU.Build.0 = Release|Any CPU
	EndGlobalSection
	GlobalSection(SolutionProperties) = preSolution
		HideSolutionNode = FALSE
	EndGlobalSection
	GlobalSection(ExtensibilityGlobals) = postSolution
		SolutionGuid = {175690E6-C1BB-476F-B85F-DD977C0FFF28}
	EndGlobalSection
EndGlobal
